
Microsoft Visual Studio Solution File, Format Version 12.00
# Visual Studio Version 16
VisualStudioVersion = 16.0.28803.452
MinimumVisualStudioVersion = 10.0.40219.1
Project("{2150E333-8FDC-42A3-9474-1A3956D46DE8}") = "MessageQueue", "MessageQueue", "{920B505D-672D-4F5B-A523-4334EF713F25}"
EndProject
Project("{FAE04EC0-301F-11D3-BF4B-00C04F79EFBC}") = "Amw.MessageQueue.Producer", "MessageQueue\Amw.MessageQueue.Producer\Amw.MessageQueue.Producer.csproj", "{76780EBF-6797-4014-B22B-3B87784FB2B2}"
EndProject
Project("{FAE04EC0-301F-11D3-BF4B-00C04F79EFBC}") = "Amw.MessageQueue.Consumer1", "MessageQueue\Amw.MessageQueue.Consumer1\Amw.MessageQueue.Consumer1.csproj", "{7E2F87C7-3412-4F18-B109-02F755613419}"
EndProject
Project("{FAE04EC0-301F-11D3-BF4B-00C04F79EFBC}") = "Amw.MessageQueue.Consumer2", "MessageQueue\Amw.MessageQueue.Consumer2\Amw.MessageQueue.Consumer2.csproj", "{DBD94F8F-76D7-4ED8-9F08-D113E0734AD9}"
EndProject
Project("{2150E333-8FDC-42A3-9474-1A3956D46DE8}") = "Common", "Common", "{165B79B3-ADD3-48A4-8DED-CB75F6FF1E66}"
EndProject
Project("{9A19103F-16F7-4668-BE54-9A1E7A4F7556}") = "Amw.RabbitMq.Client", "MessageQueue\Amw.RabbitMq.Client\Amw.RabbitMq.Client.csproj", "{F32DF59D-E5AC-46A3-930E-3B174CE32521}"
EndProject
Project("{2150E333-8FDC-42A3-9474-1A3956D46DE8}") = "Test", "Test", "{53D7CB1C-7E79-43FB-A698-A69DF3D1C464}"
EndProject
Project("{9A19103F-16F7-4668-BE54-9A1E7A4F7556}") = "Amw.Test1", "Test\Amw.Test1\Amw.Test1.csproj", "{52E0E815-4C93-45EE-B355-A2C20E1EE47B}"
EndProject
Project("{9A19103F-16F7-4668-BE54-9A1E7A4F7556}") = "Amw.Test2", "Test\Amw.Test2\Amw.Test2.csproj", "{043DBE9D-D598-4539-BF18-8430F5185D93}"
EndProject
Project("{9A19103F-16F7-4668-BE54-9A1E7A4F7556}") = "Amw.Test3", "Test\Amw.Test3\Amw.Test3.csproj", "{BFD4AB56-FA28-4BD4-8AFC-406FBE836799}"
EndProject
Project("{9A19103F-16F7-4668-BE54-9A1E7A4F7556}") = "Amw.ThreadExample", "Common\Amw.ThreadExample\Amw.ThreadExample.csproj", "{17058FF5-005D-43C4-BB38-D284734F1E1D}"
EndProject
Project("{2150E333-8FDC-42A3-9474-1A3956D46DE8}") = "Identity", "Identity", "{0D8051AA-C4AA-4433-B504-468BB4D9F808}"
EndProject
Project("{9A19103F-16F7-4668-BE54-9A1E7A4F7556}") = "Amw.Identity.Server", "Identity\Amw.Identity.Server\Amw.Identity.Server.csproj", "{9902E8F9-5FE4-49C1-B376-6CE6C8505A66}"
EndProject
Project("{9A19103F-16F7-4668-BE54-9A1E7A4F7556}") = "Amw.Wechat.Web", "Common\Amw.Wechat.Web\Amw.Wechat.Web.csproj", "{29C14F64-6ECD-4FF8-B3C4-C5E8B9570DA7}"
EndProject
Project("{FAE04EC0-301F-11D3-BF4B-00C04F79EFBC}") = "Amw.Identity.NetfxDemo", "Identity\Amw.Identity.NetfxDemo\Amw.Identity.NetfxDemo.csproj", "{DE414F8C-1EA6-43B6-873D-FD6B9F7D6B2A}"
EndProject
Project("{FAE04EC0-301F-11D3-BF4B-00C04F79EFBC}") = "Amw.Identity.Client", "Identity\Amw.Identity.Client\Amw.Identity.Client.csproj", "{D5F80889-C943-42A1-895B-4301BC6B43F4}"
EndProject
Project("{9A19103F-16F7-4668-BE54-9A1E7A4F7556}") = "Amw.Core.SDK", "Common\Amw.Core.SDK\Amw.Core.SDK.csproj", "{CD02E627-E198-4CC0-8110-C10BBD0E3DC0}"
EndProject
Project("{2150E333-8FDC-42A3-9474-1A3956D46DE8}") = "ApiGateway", "ApiGateway", "{55128000-C4DB-42E6-BA7F-BD0DC09054F5}"
EndProject
Project("{2150E333-8FDC-42A3-9474-1A3956D46DE8}") = "Services", "Services", "{B1562D63-DB01-464E-831D-D7867791BF67}"
EndProject
Project("{9A19103F-16F7-4668-BE54-9A1E7A4F7556}") = "Amw.UserApi", "ApiGateway\Amw.UserApi\Amw.UserApi.csproj", "{D4113AC1-DB78-4C2E-AA30-3FAD8F11DE65}"
EndProject
Project("{9A19103F-16F7-4668-BE54-9A1E7A4F7556}") = "Amw.OrderApi", "ApiGateway\Amw.OrderApi\Amw.OrderApi.csproj", "{466204B2-EFB1-4748-A39A-4720F0B1A1FF}"
EndProject
Project("{9A19103F-16F7-4668-BE54-9A1E7A4F7556}") = "Amw.ApiGateway.Test", "ApiGateway\Amw.ApiGateway.Test\Amw.ApiGateway.Test.csproj", "{5A3953FE-16CC-402D-9419-F9E4DAD21001}"
EndProject
Project("{9A19103F-16F7-4668-BE54-9A1E7A4F7556}") = "Ocelot", "..\Study\Ocelot\src\Ocelot\Ocelot.csproj", "{6FF12C3D-D4E2-4B6B-A4C7-7299DBDE411B}"
EndProject
Project("{2150E333-8FDC-42A3-9474-1A3956D46DE8}") = "Ocelot", "Ocelot", "{984BAB2D-E7C8-4823-9576-75B958EF257E}"
EndProject
Project("{9A19103F-16F7-4668-BE54-9A1E7A4F7556}") = "Ocelot.Administration", "..\Study\Ocelot\src\Ocelot.Administration\Ocelot.Administration.csproj", "{AF888073-37E1-4C78-8799-9F0400F09FE6}"
EndProject
Project("{9A19103F-16F7-4668-BE54-9A1E7A4F7556}") = "Ocelot.Cache.CacheManager", "..\Study\Ocelot\src\Ocelot.Cache.CacheManager\Ocelot.Cache.CacheManager.csproj", "{2616B5B2-FE90-4454-AC86-6B1107F1DA70}"
EndProject
Project("{9A19103F-16F7-4668-BE54-9A1E7A4F7556}") = "Ocelot.Provider.Consul", "..\Study\Ocelot\src\Ocelot.Provider.Consul\Ocelot.Provider.Consul.csproj", "{9BCBFC67-28E2-4BAB-859D-6E1E26A695F7}"
EndProject
Project("{9A19103F-16F7-4668-BE54-9A1E7A4F7556}") = "Ocelot.Provider.Kubernetes", "..\Study\Ocelot\src\Ocelot.Provider.Kubernetes\Ocelot.Provider.Kubernetes.csproj", "{00E96449-ED0F-456E-868A-44233B0E7121}"
EndProject
Project("{9A19103F-16F7-4668-BE54-9A1E7A4F7556}") = "Ocelot.Provider.Polly", "..\Study\Ocelot\src\Ocelot.Provider.Polly\Ocelot.Provider.Polly.csproj", "{DD49A351-AF84-42D6-848B-EBCA4A528D6A}"
EndProject
Project("{9A19103F-16F7-4668-BE54-9A1E7A4F7556}") = "Ocelot.Provider.Rafty", "..\Study\Ocelot\src\Ocelot.Provider.Rafty\Ocelot.Provider.Rafty.csproj", "{6F2B5755-581D-4875-9AE4-47DA55132415}"
EndProject
Project("{9A19103F-16F7-4668-BE54-9A1E7A4F7556}") = "Ocelot.Tracing.Butterfly", "..\Study\Ocelot\src\Ocelot.Tracing.Butterfly\Ocelot.Tracing.Butterfly.csproj", "{C6A268A8-F7B8-4E4A-BB79-04C551D4A875}"
EndProject
Project("{9A19103F-16F7-4668-BE54-9A1E7A4F7556}") = "Ocelot.Provider.Eureka", "..\Study\Ocelot\src\Ocelot.Provider.Eureka\Ocelot.Provider.Eureka.csproj", "{7B24CA0B-456A-42E5-8DE6-BD249824F447}"
EndProject
Project("{9A19103F-16F7-4668-BE54-9A1E7A4F7556}") = "Amw.ApiGateway", "ApiGateway\Amw.ApiGateway\Amw.ApiGateway.csproj", "{9B867F9B-0747-4A41-B06A-87C5A12B35E1}"
EndProject
Project("{2150E333-8FDC-42A3-9474-1A3956D46DE8}") = "Unit", "Unit", "{727F2EA3-8B17-4AF5-82F1-3BE784CB9561}"
EndProject
Project("{9A19103F-16F7-4668-BE54-9A1E7A4F7556}") = "NUnitTestProject1", "Unit\NUnitTestProject1\NUnitTestProject1.csproj", "{AF59B9FF-7A7F-4AE3-806C-B8AEDE0DCAA2}"
EndProject
Project("{9A19103F-16F7-4668-BE54-9A1E7A4F7556}") = "UnitTestProject1", "Unit\UnitTestProject1\UnitTestProject1.csproj", "{4E694770-C011-4664-921F-FC4DBC4F6160}"
EndProject
Project("{9A19103F-16F7-4668-BE54-9A1E7A4F7556}") = "XUnitTestProject1", "Unit\XUnitTestProject1\XUnitTestProject1.csproj", "{DE4FDFD7-1EC1-43A3-8CD1-574B50FD819B}"
EndProject
Project("{9A19103F-16F7-4668-BE54-9A1E7A4F7556}") = "UnitDemo", "Unit\UnitDemo\UnitDemo.csproj", "{D08435F4-5F64-4AAD-BF40-DE8B4D3D5959}"
EndProject
Project("{2150E333-8FDC-42A3-9474-1A3956D46DE8}") = "Study", "Study", "{6D37EF05-BD5F-48F5-B84D-A34BFA1DED79}"
EndProject
Project("{9A19103F-16F7-4668-BE54-9A1E7A4F7556}") = "Amw.WebTest", "Test\Amw.WebTest\Amw.WebTest.csproj", "{9A758460-0A9B-448E-9C04-DCCAAFAD5139}"
EndProject
Project("{9A19103F-16F7-4668-BE54-9A1E7A4F7556}") = "Amw.Web.BlogApi", "src\Amw.Web.BlogApi\Amw.Web.BlogApi.csproj", "{F620BCB2-A9EE-4867-9C14-CA68F6B0A2EC}"
EndProject
Project("{FAE04EC0-301F-11D3-BF4B-00C04F79EFBC}") = "Amw.WebTest.Empty", "Test\Amw.WebTest.Empty\Amw.WebTest.Empty.csproj", "{9A7EB472-779C-419B-8022-643EDAC815D1}"
EndProject
Global
	GlobalSection(SolutionConfigurationPlatforms) = preSolution
		Debug|Any CPU = Debug|Any CPU
		Release|Any CPU = Release|Any CPU
	EndGlobalSection
	GlobalSection(ProjectConfigurationPlatforms) = postSolution
		{76780EBF-6797-4014-B22B-3B87784FB2B2}.Debug|Any CPU.ActiveCfg = Debug|Any CPU
		{76780EBF-6797-4014-B22B-3B87784FB2B2}.Debug|Any CPU.Build.0 = Debug|Any CPU
		{76780EBF-6797-4014-B22B-3B87784FB2B2}.Release|Any CPU.ActiveCfg = Release|Any CPU
		{76780EBF-6797-4014-B22B-3B87784FB2B2}.Release|Any CPU.Build.0 = Release|Any CPU
		{7E2F87C7-3412-4F18-B109-02F755613419}.Debug|Any CPU.ActiveCfg = Debug|Any CPU
		{7E2F87C7-3412-4F18-B109-02F755613419}.Debug|Any CPU.Build.0 = Debug|Any CPU
		{7E2F87C7-3412-4F18-B109-02F755613419}.Release|Any CPU.ActiveCfg = Release|Any CPU
		{7E2F87C7-3412-4F18-B109-02F755613419}.Release|Any CPU.Build.0 = Release|Any CPU
		{DBD94F8F-76D7-4ED8-9F08-D113E0734AD9}.Debug|Any CPU.ActiveCfg = Debug|Any CPU
		{DBD94F8F-76D7-4ED8-9F08-D113E0734AD9}.Debug|Any CPU.Build.0 = Debug|Any CPU
		{DBD94F8F-76D7-4ED8-9F08-D113E0734AD9}.Release|Any CPU.ActiveCfg = Release|Any CPU
		{DBD94F8F-76D7-4ED8-9F08-D113E0734AD9}.Release|Any CPU.Build.0 = Release|Any CPU
		{F32DF59D-E5AC-46A3-930E-3B174CE32521}.Debug|Any CPU.ActiveCfg = Debug|Any CPU
		{F32DF59D-E5AC-46A3-930E-3B174CE32521}.Debug|Any CPU.Build.0 = Debug|Any CPU
		{F32DF59D-E5AC-46A3-930E-3B174CE32521}.Release|Any CPU.ActiveCfg = Release|Any CPU
		{F32DF59D-E5AC-46A3-930E-3B174CE32521}.Release|Any CPU.Build.0 = Release|Any CPU
		{52E0E815-4C93-45EE-B355-A2C20E1EE47B}.Debug|Any CPU.ActiveCfg = Debug|Any CPU
		{52E0E815-4C93-45EE-B355-A2C20E1EE47B}.Debug|Any CPU.Build.0 = Debug|Any CPU
		{52E0E815-4C93-45EE-B355-A2C20E1EE47B}.Release|Any CPU.ActiveCfg = Release|Any CPU
		{52E0E815-4C93-45EE-B355-A2C20E1EE47B}.Release|Any CPU.Build.0 = Release|Any CPU
		{043DBE9D-D598-4539-BF18-8430F5185D93}.Debug|Any CPU.ActiveCfg = Debug|Any CPU
		{043DBE9D-D598-4539-BF18-8430F5185D93}.Debug|Any CPU.Build.0 = Debug|Any CPU
		{043DBE9D-D598-4539-BF18-8430F5185D93}.Release|Any CPU.ActiveCfg = Release|Any CPU
		{043DBE9D-D598-4539-BF18-8430F5185D93}.Release|Any CPU.Build.0 = Release|Any CPU
		{BFD4AB56-FA28-4BD4-8AFC-406FBE836799}.Debug|Any CPU.ActiveCfg = Debug|Any CPU
		{BFD4AB56-FA28-4BD4-8AFC-406FBE836799}.Debug|Any CPU.Build.0 = Debug|Any CPU
		{BFD4AB56-FA28-4BD4-8AFC-406FBE836799}.Release|Any CPU.ActiveCfg = Release|Any CPU
		{BFD4AB56-FA28-4BD4-8AFC-406FBE836799}.Release|Any CPU.Build.0 = Release|Any CPU
		{17058FF5-005D-43C4-BB38-D284734F1E1D}.Debug|Any CPU.ActiveCfg = Debug|Any CPU
		{17058FF5-005D-43C4-BB38-D284734F1E1D}.Debug|Any CPU.Build.0 = Debug|Any CPU
		{17058FF5-005D-43C4-BB38-D284734F1E1D}.Release|Any CPU.ActiveCfg = Release|Any CPU
		{17058FF5-005D-43C4-BB38-D284734F1E1D}.Release|Any CPU.Build.0 = Release|Any CPU
		{9902E8F9-5FE4-49C1-B376-6CE6C8505A66}.Debug|Any CPU.ActiveCfg = Debug|Any CPU
		{9902E8F9-5FE4-49C1-B376-6CE6C8505A66}.Debug|Any CPU.Build.0 = Debug|Any CPU
		{9902E8F9-5FE4-49C1-B376-6CE6C8505A66}.Release|Any CPU.ActiveCfg = Release|Any CPU
		{9902E8F9-5FE4-49C1-B376-6CE6C8505A66}.Release|Any CPU.Build.0 = Release|Any CPU
		{29C14F64-6ECD-4FF8-B3C4-C5E8B9570DA7}.Debug|Any CPU.ActiveCfg = Debug|Any CPU
		{29C14F64-6ECD-4FF8-B3C4-C5E8B9570DA7}.Debug|Any CPU.Build.0 = Debug|Any CPU
		{29C14F64-6ECD-4FF8-B3C4-C5E8B9570DA7}.Release|Any CPU.ActiveCfg = Release|Any CPU
		{29C14F64-6ECD-4FF8-B3C4-C5E8B9570DA7}.Release|Any CPU.Build.0 = Release|Any CPU
		{DE414F8C-1EA6-43B6-873D-FD6B9F7D6B2A}.Debug|Any CPU.ActiveCfg = Debug|Any CPU
		{DE414F8C-1EA6-43B6-873D-FD6B9F7D6B2A}.Debug|Any CPU.Build.0 = Debug|Any CPU
		{DE414F8C-1EA6-43B6-873D-FD6B9F7D6B2A}.Release|Any CPU.ActiveCfg = Release|Any CPU
		{DE414F8C-1EA6-43B6-873D-FD6B9F7D6B2A}.Release|Any CPU.Build.0 = Release|Any CPU
		{D5F80889-C943-42A1-895B-4301BC6B43F4}.Debug|Any CPU.ActiveCfg = Debug|Any CPU
		{D5F80889-C943-42A1-895B-4301BC6B43F4}.Debug|Any CPU.Build.0 = Debug|Any CPU
		{D5F80889-C943-42A1-895B-4301BC6B43F4}.Release|Any CPU.ActiveCfg = Release|Any CPU
		{D5F80889-C943-42A1-895B-4301BC6B43F4}.Release|Any CPU.Build.0 = Release|Any CPU
		{CD02E627-E198-4CC0-8110-C10BBD0E3DC0}.Debug|Any CPU.ActiveCfg = Debug|Any CPU
		{CD02E627-E198-4CC0-8110-C10BBD0E3DC0}.Debug|Any CPU.Build.0 = Debug|Any CPU
		{CD02E627-E198-4CC0-8110-C10BBD0E3DC0}.Release|Any CPU.ActiveCfg = Release|Any CPU
		{CD02E627-E198-4CC0-8110-C10BBD0E3DC0}.Release|Any CPU.Build.0 = Release|Any CPU
		{D4113AC1-DB78-4C2E-AA30-3FAD8F11DE65}.Debug|Any CPU.ActiveCfg = Debug|Any CPU
		{D4113AC1-DB78-4C2E-AA30-3FAD8F11DE65}.Debug|Any CPU.Build.0 = Debug|Any CPU
		{D4113AC1-DB78-4C2E-AA30-3FAD8F11DE65}.Release|Any CPU.ActiveCfg = Release|Any CPU
		{D4113AC1-DB78-4C2E-AA30-3FAD8F11DE65}.Release|Any CPU.Build.0 = Release|Any CPU
		{466204B2-EFB1-4748-A39A-4720F0B1A1FF}.Debug|Any CPU.ActiveCfg = Debug|Any CPU
		{466204B2-EFB1-4748-A39A-4720F0B1A1FF}.Debug|Any CPU.Build.0 = Debug|Any CPU
		{466204B2-EFB1-4748-A39A-4720F0B1A1FF}.Release|Any CPU.ActiveCfg = Release|Any CPU
		{466204B2-EFB1-4748-A39A-4720F0B1A1FF}.Release|Any CPU.Build.0 = Release|Any CPU
		{5A3953FE-16CC-402D-9419-F9E4DAD21001}.Debug|Any CPU.ActiveCfg = Debug|Any CPU
		{5A3953FE-16CC-402D-9419-F9E4DAD21001}.Debug|Any CPU.Build.0 = Debug|Any CPU
		{5A3953FE-16CC-402D-9419-F9E4DAD21001}.Release|Any CPU.ActiveCfg = Release|Any CPU
		{5A3953FE-16CC-402D-9419-F9E4DAD21001}.Release|Any CPU.Build.0 = Release|Any CPU
		{6FF12C3D-D4E2-4B6B-A4C7-7299DBDE411B}.Debug|Any CPU.ActiveCfg = Debug|Any CPU
		{6FF12C3D-D4E2-4B6B-A4C7-7299DBDE411B}.Debug|Any CPU.Build.0 = Debug|Any CPU
		{6FF12C3D-D4E2-4B6B-A4C7-7299DBDE411B}.Release|Any CPU.ActiveCfg = Release|Any CPU
		{6FF12C3D-D4E2-4B6B-A4C7-7299DBDE411B}.Release|Any CPU.Build.0 = Release|Any CPU
		{AF888073-37E1-4C78-8799-9F0400F09FE6}.Debug|Any CPU.ActiveCfg = Debug|Any CPU
		{AF888073-37E1-4C78-8799-9F0400F09FE6}.Debug|Any CPU.Build.0 = Debug|Any CPU
		{AF888073-37E1-4C78-8799-9F0400F09FE6}.Release|Any CPU.ActiveCfg = Release|Any CPU
		{AF888073-37E1-4C78-8799-9F0400F09FE6}.Release|Any CPU.Build.0 = Release|Any CPU
		{2616B5B2-FE90-4454-AC86-6B1107F1DA70}.Debug|Any CPU.ActiveCfg = Debug|Any CPU
		{2616B5B2-FE90-4454-AC86-6B1107F1DA70}.Debug|Any CPU.Build.0 = Debug|Any CPU
		{2616B5B2-FE90-4454-AC86-6B1107F1DA70}.Release|Any CPU.ActiveCfg = Release|Any CPU
		{2616B5B2-FE90-4454-AC86-6B1107F1DA70}.Release|Any CPU.Build.0 = Release|Any CPU
		{9BCBFC67-28E2-4BAB-859D-6E1E26A695F7}.Debug|Any CPU.ActiveCfg = Debug|Any CPU
		{9BCBFC67-28E2-4BAB-859D-6E1E26A695F7}.Debug|Any CPU.Build.0 = Debug|Any CPU
		{9BCBFC67-28E2-4BAB-859D-6E1E26A695F7}.Release|Any CPU.ActiveCfg = Release|Any CPU
		{9BCBFC67-28E2-4BAB-859D-6E1E26A695F7}.Release|Any CPU.Build.0 = Release|Any CPU
		{00E96449-ED0F-456E-868A-44233B0E7121}.Debug|Any CPU.ActiveCfg = Debug|Any CPU
		{00E96449-ED0F-456E-868A-44233B0E7121}.Debug|Any CPU.Build.0 = Debug|Any CPU
		{00E96449-ED0F-456E-868A-44233B0E7121}.Release|Any CPU.ActiveCfg = Release|Any CPU
		{00E96449-ED0F-456E-868A-44233B0E7121}.Release|Any CPU.Build.0 = Release|Any CPU
		{DD49A351-AF84-42D6-848B-EBCA4A528D6A}.Debug|Any CPU.ActiveCfg = Debug|Any CPU
		{DD49A351-AF84-42D6-848B-EBCA4A528D6A}.Debug|Any CPU.Build.0 = Debug|Any CPU
		{DD49A351-AF84-42D6-848B-EBCA4A528D6A}.Release|Any CPU.ActiveCfg = Release|Any CPU
		{DD49A351-AF84-42D6-848B-EBCA4A528D6A}.Release|Any CPU.Build.0 = Release|Any CPU
		{6F2B5755-581D-4875-9AE4-47DA55132415}.Debug|Any CPU.ActiveCfg = Debug|Any CPU
		{6F2B5755-581D-4875-9AE4-47DA55132415}.Debug|Any CPU.Build.0 = Debug|Any CPU
		{6F2B5755-581D-4875-9AE4-47DA55132415}.Release|Any CPU.ActiveCfg = Release|Any CPU
		{6F2B5755-581D-4875-9AE4-47DA55132415}.Release|Any CPU.Build.0 = Release|Any CPU
		{C6A268A8-F7B8-4E4A-BB79-04C551D4A875}.Debug|Any CPU.ActiveCfg = Debug|Any CPU
		{C6A268A8-F7B8-4E4A-BB79-04C551D4A875}.Debug|Any CPU.Build.0 = Debug|Any CPU
		{C6A268A8-F7B8-4E4A-BB79-04C551D4A875}.Release|Any CPU.ActiveCfg = Release|Any CPU
		{C6A268A8-F7B8-4E4A-BB79-04C551D4A875}.Release|Any CPU.Build.0 = Release|Any CPU
		{7B24CA0B-456A-42E5-8DE6-BD249824F447}.Debug|Any CPU.ActiveCfg = Debug|Any CPU
		{7B24CA0B-456A-42E5-8DE6-BD249824F447}.Debug|Any CPU.Build.0 = Debug|Any CPU
		{7B24CA0B-456A-42E5-8DE6-BD249824F447}.Release|Any CPU.ActiveCfg = Release|Any CPU
		{7B24CA0B-456A-42E5-8DE6-BD249824F447}.Release|Any CPU.Build.0 = Release|Any CPU
		{9B867F9B-0747-4A41-B06A-87C5A12B35E1}.Debug|Any CPU.ActiveCfg = Debug|Any CPU
		{9B867F9B-0747-4A41-B06A-87C5A12B35E1}.Debug|Any CPU.Build.0 = Debug|Any CPU
		{9B867F9B-0747-4A41-B06A-87C5A12B35E1}.Release|Any CPU.ActiveCfg = Release|Any CPU
		{9B867F9B-0747-4A41-B06A-87C5A12B35E1}.Release|Any CPU.Build.0 = Release|Any CPU
		{AF59B9FF-7A7F-4AE3-806C-B8AEDE0DCAA2}.Debug|Any CPU.ActiveCfg = Debug|Any CPU
		{AF59B9FF-7A7F-4AE3-806C-B8AEDE0DCAA2}.Debug|Any CPU.Build.0 = Debug|Any CPU
		{AF59B9FF-7A7F-4AE3-806C-B8AEDE0DCAA2}.Release|Any CPU.ActiveCfg = Release|Any CPU
		{AF59B9FF-7A7F-4AE3-806C-B8AEDE0DCAA2}.Release|Any CPU.Build.0 = Release|Any CPU
		{4E694770-C011-4664-921F-FC4DBC4F6160}.Debug|Any CPU.ActiveCfg = Debug|Any CPU
		{4E694770-C011-4664-921F-FC4DBC4F6160}.Debug|Any CPU.Build.0 = Debug|Any CPU
		{4E694770-C011-4664-921F-FC4DBC4F6160}.Release|Any CPU.ActiveCfg = Release|Any CPU
		{4E694770-C011-4664-921F-FC4DBC4F6160}.Release|Any CPU.Build.0 = Release|Any CPU
		{DE4FDFD7-1EC1-43A3-8CD1-574B50FD819B}.Debug|Any CPU.ActiveCfg = Debug|Any CPU
		{DE4FDFD7-1EC1-43A3-8CD1-574B50FD819B}.Debug|Any CPU.Build.0 = Debug|Any CPU
		{DE4FDFD7-1EC1-43A3-8CD1-574B50FD819B}.Release|Any CPU.ActiveCfg = Release|Any CPU
		{DE4FDFD7-1EC1-43A3-8CD1-574B50FD819B}.Release|Any CPU.Build.0 = Release|Any CPU
		{D08435F4-5F64-4AAD-BF40-DE8B4D3D5959}.Debug|Any CPU.ActiveCfg = Debug|Any CPU
		{D08435F4-5F64-4AAD-BF40-DE8B4D3D5959}.Debug|Any CPU.Build.0 = Debug|Any CPU
		{D08435F4-5F64-4AAD-BF40-DE8B4D3D5959}.Release|Any CPU.ActiveCfg = Release|Any CPU
		{D08435F4-5F64-4AAD-BF40-DE8B4D3D5959}.Release|Any CPU.Build.0 = Release|Any CPU
		{9A758460-0A9B-448E-9C04-DCCAAFAD5139}.Debug|Any CPU.ActiveCfg = Debug|Any CPU
		{9A758460-0A9B-448E-9C04-DCCAAFAD5139}.Debug|Any CPU.Build.0 = Debug|Any CPU
		{9A758460-0A9B-448E-9C04-DCCAAFAD5139}.Release|Any CPU.ActiveCfg = Release|Any CPU
		{9A758460-0A9B-448E-9C04-DCCAAFAD5139}.Release|Any CPU.Build.0 = Release|Any CPU
		{F620BCB2-A9EE-4867-9C14-CA68F6B0A2EC}.Debug|Any CPU.ActiveCfg = Debug|Any CPU
		{F620BCB2-A9EE-4867-9C14-CA68F6B0A2EC}.Debug|Any CPU.Build.0 = Debug|Any CPU
		{F620BCB2-A9EE-4867-9C14-CA68F6B0A2EC}.Release|Any CPU.ActiveCfg = Release|Any CPU
		{F620BCB2-A9EE-4867-9C14-CA68F6B0A2EC}.Release|Any CPU.Build.0 = Release|Any CPU
		{9A7EB472-779C-419B-8022-643EDAC815D1}.Debug|Any CPU.ActiveCfg = Debug|Any CPU
		{9A7EB472-779C-419B-8022-643EDAC815D1}.Debug|Any CPU.Build.0 = Debug|Any CPU
		{9A7EB472-779C-419B-8022-643EDAC815D1}.Release|Any CPU.ActiveCfg = Release|Any CPU
		{9A7EB472-779C-419B-8022-643EDAC815D1}.Release|Any CPU.Build.0 = Release|Any CPU
	EndGlobalSection
	GlobalSection(SolutionProperties) = preSolution
		HideSolutionNode = FALSE
	EndGlobalSection
	GlobalSection(NestedProjects) = preSolution
		{920B505D-672D-4F5B-A523-4334EF713F25} = {6D37EF05-BD5F-48F5-B84D-A34BFA1DED79}
		{76780EBF-6797-4014-B22B-3B87784FB2B2} = {920B505D-672D-4F5B-A523-4334EF713F25}
		{7E2F87C7-3412-4F18-B109-02F755613419} = {920B505D-672D-4F5B-A523-4334EF713F25}
		{DBD94F8F-76D7-4ED8-9F08-D113E0734AD9} = {920B505D-672D-4F5B-A523-4334EF713F25}
		{F32DF59D-E5AC-46A3-930E-3B174CE32521} = {920B505D-672D-4F5B-A523-4334EF713F25}
		{53D7CB1C-7E79-43FB-A698-A69DF3D1C464} = {6D37EF05-BD5F-48F5-B84D-A34BFA1DED79}
		{52E0E815-4C93-45EE-B355-A2C20E1EE47B} = {53D7CB1C-7E79-43FB-A698-A69DF3D1C464}
		{043DBE9D-D598-4539-BF18-8430F5185D93} = {53D7CB1C-7E79-43FB-A698-A69DF3D1C464}
		{BFD4AB56-FA28-4BD4-8AFC-406FBE836799} = {53D7CB1C-7E79-43FB-A698-A69DF3D1C464}
		{17058FF5-005D-43C4-BB38-D284734F1E1D} = {6D37EF05-BD5F-48F5-B84D-A34BFA1DED79}
		{0D8051AA-C4AA-4433-B504-468BB4D9F808} = {6D37EF05-BD5F-48F5-B84D-A34BFA1DED79}
		{9902E8F9-5FE4-49C1-B376-6CE6C8505A66} = {0D8051AA-C4AA-4433-B504-468BB4D9F808}
		{29C14F64-6ECD-4FF8-B3C4-C5E8B9570DA7} = {165B79B3-ADD3-48A4-8DED-CB75F6FF1E66}
		{DE414F8C-1EA6-43B6-873D-FD6B9F7D6B2A} = {0D8051AA-C4AA-4433-B504-468BB4D9F808}
		{D5F80889-C943-42A1-895B-4301BC6B43F4} = {0D8051AA-C4AA-4433-B504-468BB4D9F808}
		{CD02E627-E198-4CC0-8110-C10BBD0E3DC0} = {165B79B3-ADD3-48A4-8DED-CB75F6FF1E66}
		{55128000-C4DB-42E6-BA7F-BD0DC09054F5} = {6D37EF05-BD5F-48F5-B84D-A34BFA1DED79}
		{B1562D63-DB01-464E-831D-D7867791BF67} = {55128000-C4DB-42E6-BA7F-BD0DC09054F5}
		{D4113AC1-DB78-4C2E-AA30-3FAD8F11DE65} = {B1562D63-DB01-464E-831D-D7867791BF67}
		{466204B2-EFB1-4748-A39A-4720F0B1A1FF} = {B1562D63-DB01-464E-831D-D7867791BF67}
		{5A3953FE-16CC-402D-9419-F9E4DAD21001} = {55128000-C4DB-42E6-BA7F-BD0DC09054F5}
		{6FF12C3D-D4E2-4B6B-A4C7-7299DBDE411B} = {984BAB2D-E7C8-4823-9576-75B958EF257E}
		{984BAB2D-E7C8-4823-9576-75B958EF257E} = {55128000-C4DB-42E6-BA7F-BD0DC09054F5}
		{AF888073-37E1-4C78-8799-9F0400F09FE6} = {984BAB2D-E7C8-4823-9576-75B958EF257E}
		{2616B5B2-FE90-4454-AC86-6B1107F1DA70} = {984BAB2D-E7C8-4823-9576-75B958EF257E}
		{9BCBFC67-28E2-4BAB-859D-6E1E26A695F7} = {984BAB2D-E7C8-4823-9576-75B958EF257E}
		{00E96449-ED0F-456E-868A-44233B0E7121} = {984BAB2D-E7C8-4823-9576-75B958EF257E}
		{DD49A351-AF84-42D6-848B-EBCA4A528D6A} = {984BAB2D-E7C8-4823-9576-75B958EF257E}
		{6F2B5755-581D-4875-9AE4-47DA55132415} = {984BAB2D-E7C8-4823-9576-75B958EF257E}
		{C6A268A8-F7B8-4E4A-BB79-04C551D4A875} = {984BAB2D-E7C8-4823-9576-75B958EF257E}
		{7B24CA0B-456A-42E5-8DE6-BD249824F447} = {984BAB2D-E7C8-4823-9576-75B958EF257E}
		{9B867F9B-0747-4A41-B06A-87C5A12B35E1} = {55128000-C4DB-42E6-BA7F-BD0DC09054F5}
		{727F2EA3-8B17-4AF5-82F1-3BE784CB9561} = {6D37EF05-BD5F-48F5-B84D-A34BFA1DED79}
		{AF59B9FF-7A7F-4AE3-806C-B8AEDE0DCAA2} = {727F2EA3-8B17-4AF5-82F1-3BE784CB9561}
		{4E694770-C011-4664-921F-FC4DBC4F6160} = {727F2EA3-8B17-4AF5-82F1-3BE784CB9561}
		{DE4FDFD7-1EC1-43A3-8CD1-574B50FD819B} = {727F2EA3-8B17-4AF5-82F1-3BE784CB9561}
		{D08435F4-5F64-4AAD-BF40-DE8B4D3D5959} = {727F2EA3-8B17-4AF5-82F1-3BE784CB9561}
		{9A758460-0A9B-448E-9C04-DCCAAFAD5139} = {53D7CB1C-7E79-43FB-A698-A69DF3D1C464}
		{F620BCB2-A9EE-4867-9C14-CA68F6B0A2EC} = {165B79B3-ADD3-48A4-8DED-CB75F6FF1E66}
		{9A7EB472-779C-419B-8022-643EDAC815D1} = {53D7CB1C-7E79-43FB-A698-A69DF3D1C464}
	EndGlobalSection
	GlobalSection(ExtensibilityGlobals) = postSolution
		SolutionGuid = {46BF9017-8E0E-476C-BB87-70B0C09E743D}
	EndGlobalSection
EndGlobal
